
Microsoft Visual Studio Solution File, Format Version 12.00
# Visual Studio Version 16
VisualStudioVersion = 16.0.31205.134
MinimumVisualStudioVersion = 10.0.40219.1
Project("{9A19103F-16F7-4668-BE54-9A1E7A4F7556}") = "Entities", "Entities\Entities.csproj", "{6992CF80-BDBF-4FC5-8698-98D28499F2CD}"
EndProject
Project("{9A19103F-16F7-4668-BE54-9A1E7A4F7556}") = "Business", "Business\Business.csproj", "{41039B15-0C44-4992-92EE-2005B8AB4F3D}"
EndProject
Project("{9A19103F-16F7-4668-BE54-9A1E7A4F7556}") = "Core", "Core\Core.csproj", "{F89BB2E1-3A47-4C0B-9A4C-C2FD12BA5604}"
EndProject
Project("{9A19103F-16F7-4668-BE54-9A1E7A4F7556}") = "DataAccess", "DataAccess\DataAccess.csproj", "{B4BECE3E-B92F-4CC5-BD8B-8D5E9EAB8753}"
EndProject
Project("{9A19103F-16F7-4668-BE54-9A1E7A4F7556}") = "WebApi", "WebApi\WebApi.csproj", "{6E2855BE-701B-4763-92A7-2A7094E8DB76}"
EndProject
Global
	GlobalSection(SolutionConfigurationPlatforms) = preSolution
		Debug|Any CPU = Debug|Any CPU
		Release|Any CPU = Release|Any CPU
	EndGlobalSection
	GlobalSection(ProjectConfigurationPlatforms) = postSolution
		{6992CF80-BDBF-4FC5-8698-98D28499F2CD}.Debug|Any CPU.ActiveCfg = Debug|Any CPU
		{6992CF80-BDBF-4FC5-8698-98D28499F2CD}.Debug|Any CPU.Build.0 = Debug|Any CPU
		{6992CF80-BDBF-4FC5-8698-98D28499F2CD}.Release|Any CPU.ActiveCfg = Release|Any CPU
		{6992CF80-BDBF-4FC5-8698-98D28499F2CD}.Release|Any CPU.Build.0 = Release|Any CPU
		{41039B15-0C44-4992-92EE-2005B8AB4F3D}.Debug|Any CPU.ActiveCfg = Debug|Any CPU
		{41039B15-0C44-4992-92EE-2005B8AB4F3D}.Debug|Any CPU.Build.0 = Debug|Any CPU
		{41039B15-0C44-4992-92EE-2005B8AB4F3D}.Release|Any CPU.ActiveCfg = Release|Any CPU
		{41039B15-0C44-4992-92EE-2005B8AB4F3D}.Release|Any CPU.Build.0 = Release|Any CPU
		{F89BB2E1-3A47-4C0B-9A4C-C2FD12BA5604}.Debug|Any CPU.ActiveCfg = Debug|Any CPU
		{F89BB2E1-3A47-4C0B-9A4C-C2FD12BA5604}.Debug|Any CPU.Build.0 = Debug|Any CPU
		{F89BB2E1-3A47-4C0B-9A4C-C2FD12BA5604}.Release|Any CPU.ActiveCfg = Release|Any CPU
		{F89BB2E1-3A47-4C0B-9A4C-C2FD12BA5604}.Release|Any CPU.Build.0 = Release|Any CPU
		{B4BECE3E-B92F-4CC5-BD8B-8D5E9EAB8753}.Debug|Any CPU.ActiveCfg = Debug|Any CPU
		{B4BECE3E-B92F-4CC5-BD8B-8D5E9EAB8753}.Debug|Any CPU.Build.0 = Debug|Any CPU
		{B4BECE3E-B92F-4CC5-BD8B-8D5E9EAB8753}.Release|Any CPU.ActiveCfg = Release|Any CPU
		{B4BECE3E-B92F-4CC5-BD8B-8D5E9EAB8753}.Release|Any CPU.Build.0 = Release|Any CPU
		{6E2855BE-701B-4763-92A7-2A7094E8DB76}.Debug|Any CPU.ActiveCfg = Debug|Any CPU
		{6E2855BE-701B-4763-92A7-2A7094E8DB76}.Debug|Any CPU.Build.0 = Debug|Any CPU
		{6E2855BE-701B-4763-92A7-2A7094E8DB76}.Release|Any CPU.ActiveCfg = Release|Any CPU
		{6E2855BE-701B-4763-92A7-2A7094E8DB76}.Release|Any CPU.Build.0 = Release|Any CPU
	EndGlobalSection
	GlobalSection(SolutionProperties) = preSolution
		HideSolutionNode = FALSE
	EndGlobalSection
	GlobalSection(ExtensibilityGlobals) = postSolution
		SolutionGuid = {409556D5-B3B9-4A5B-A4A9-43A22CFE33D7}
	EndGlobalSection
EndGlobal
